
Microsoft Visual Studio Solution File, Format Version 12.00
# Visual Studio Version 16
VisualStudioVersion = 16.0.30711.63
MinimumVisualStudioVersion = 10.0.40219.1
Project("{FAE04EC0-301F-11D3-BF4B-00C04F79EFBC}") = "WpfApp11", "WpfApp11\WpfApp11.csproj", "{F115477D-E37B-41F8-8D77-9BC0C279605D}"
EndProject
Global
	GlobalSection(SolutionConfigurationPlatforms) = preSolution
		Debug|Any CPU = Debug|Any CPU
		Release|Any CPU = Release|Any CPU
	EndGlobalSection
	GlobalSection(ProjectConfigurationPlatforms) = postSolution
		{F115477D-E37B-41F8-8D77-9BC0C279605D}.Debug|Any CPU.ActiveCfg = Debug|Any CPU
		{F115477D-E37B-41F8-8D77-9BC0C279605D}.Debug|Any CPU.Build.0 = Debug|Any CPU
		{F115477D-E37B-41F8-8D77-9BC0C279605D}.Release|Any CPU.ActiveCfg = Release|Any CPU
		{F115477D-E37B-41F8-8D77-9BC0C279605D}.Release|Any CPU.Build.0 = Release|Any CPU
	EndGlobalSection
	GlobalSection(SolutionProperties) = preSolution
		HideSolutionNode = FALSE
	EndGlobalSection
	GlobalSection(ExtensibilityGlobals) = postSolution
		SolutionGuid = {2CDA9A64-DCB1-44E2-A78B-D59532902470}
	EndGlobalSection
EndGlobal
